
Microsoft Visual Studio Solution File, Format Version 12.00
# Visual Studio 2013
VisualStudioVersion = 12.0.31101.0
MinimumVisualStudioVersion = 10.0.40219.1
Project("{FAE04EC0-301F-11D3-BF4B-00C04F79EFBC}") = "StudentSys.Models", "StudentSys.Models\StudentSys.Models.csproj", "{6E3AB66F-B1E4-44D3-B6B8-AF23D0DBBE30}"
EndProject
Project("{FAE04EC0-301F-11D3-BF4B-00C04F79EFBC}") = "StudentSys.Data", "StudentSys.Data\StudentSys.Data.csproj", "{659BE00C-C4B0-4B43-925C-960955A26796}"
EndProject
Project("{FAE04EC0-301F-11D3-BF4B-00C04F79EFBC}") = "StudentSys.Console", "StudentSys.Console\StudentSys.Console.csproj", "{F80D7BA0-2746-4826-B001-8CDAC5485F69}"
EndProject
Global
	GlobalSection(SolutionConfigurationPlatforms) = preSolution
		Debug|Any CPU = Debug|Any CPU
		Release|Any CPU = Release|Any CPU
	EndGlobalSection
	GlobalSection(ProjectConfigurationPlatforms) = postSolution
		{6E3AB66F-B1E4-44D3-B6B8-AF23D0DBBE30}.Debug|Any CPU.ActiveCfg = Debug|Any CPU
		{6E3AB66F-B1E4-44D3-B6B8-AF23D0DBBE30}.Debug|Any CPU.Build.0 = Debug|Any CPU
		{6E3AB66F-B1E4-44D3-B6B8-AF23D0DBBE30}.Release|Any CPU.ActiveCfg = Release|Any CPU
		{6E3AB66F-B1E4-44D3-B6B8-AF23D0DBBE30}.Release|Any CPU.Build.0 = Release|Any CPU
		{659BE00C-C4B0-4B43-925C-960955A26796}.Debug|Any CPU.ActiveCfg = Debug|Any CPU
		{659BE00C-C4B0-4B43-925C-960955A26796}.Debug|Any CPU.Build.0 = Debug|Any CPU
		{659BE00C-C4B0-4B43-925C-960955A26796}.Release|Any CPU.ActiveCfg = Release|Any CPU
		{659BE00C-C4B0-4B43-925C-960955A26796}.Release|Any CPU.Build.0 = Release|Any CPU
		{F80D7BA0-2746-4826-B001-8CDAC5485F69}.Debug|Any CPU.ActiveCfg = Debug|Any CPU
		{F80D7BA0-2746-4826-B001-8CDAC5485F69}.Debug|Any CPU.Build.0 = Debug|Any CPU
		{F80D7BA0-2746-4826-B001-8CDAC5485F69}.Release|Any CPU.ActiveCfg = Release|Any CPU
		{F80D7BA0-2746-4826-B001-8CDAC5485F69}.Release|Any CPU.Build.0 = Release|Any CPU
	EndGlobalSection
	GlobalSection(SolutionProperties) = preSolution
		HideSolutionNode = FALSE
	EndGlobalSection
EndGlobal
