
Microsoft Visual Studio Solution File, Format Version 12.00
# Visual Studio 2013
VisualStudioVersion = 12.0.31101.0
MinimumVisualStudioVersion = 10.0.40219.1
Project("{FAE04EC0-301F-11D3-BF4B-00C04F79EFBC}") = "Ads.Data", "Ads.Data\Ads.Data.csproj", "{4A5347DA-7E7A-4297-B63F-F3FBC5E6BAED}"
EndProject
Project("{FAE04EC0-301F-11D3-BF4B-00C04F79EFBC}") = "Ads.Console", "Ads.Console\Ads.Console.csproj", "{2AE1C9ED-6C13-48E5-923C-DE97991136F0}"
EndProject
Global
	GlobalSection(SolutionConfigurationPlatforms) = preSolution
		Debug|Any CPU = Debug|Any CPU
		Release|Any CPU = Release|Any CPU
	EndGlobalSection
	GlobalSection(ProjectConfigurationPlatforms) = postSolution
		{4A5347DA-7E7A-4297-B63F-F3FBC5E6BAED}.Debug|Any CPU.ActiveCfg = Debug|Any CPU
		{4A5347DA-7E7A-4297-B63F-F3FBC5E6BAED}.Debug|Any CPU.Build.0 = Debug|Any CPU
		{4A5347DA-7E7A-4297-B63F-F3FBC5E6BAED}.Release|Any CPU.ActiveCfg = Release|Any CPU
		{4A5347DA-7E7A-4297-B63F-F3FBC5E6BAED}.Release|Any CPU.Build.0 = Release|Any CPU
		{2AE1C9ED-6C13-48E5-923C-DE97991136F0}.Debug|Any CPU.ActiveCfg = Debug|Any CPU
		{2AE1C9ED-6C13-48E5-923C-DE97991136F0}.Debug|Any CPU.Build.0 = Debug|Any CPU
		{2AE1C9ED-6C13-48E5-923C-DE97991136F0}.Release|Any CPU.ActiveCfg = Release|Any CPU
		{2AE1C9ED-6C13-48E5-923C-DE97991136F0}.Release|Any CPU.Build.0 = Release|Any CPU
	EndGlobalSection
	GlobalSection(SolutionProperties) = preSolution
		HideSolutionNode = FALSE
	EndGlobalSection
EndGlobal
