
Microsoft Visual Studio Solution File, Format Version 12.00
# Visual Studio 2013
VisualStudioVersion = 12.0.21005.1
MinimumVisualStudioVersion = 10.0.40219.1
Project("{FAE04EC0-301F-11D3-BF4B-00C04F79EFBC}") = "CalcDistance", "CalcDistance\CalcDistance.csproj", "{E5C29957-7EB6-4091-B277-EA50FB67D5B4}"
EndProject
Project("{FAE04EC0-301F-11D3-BF4B-00C04F79EFBC}") = "CalcDistance.Client", "CalcDistance.Client\CalcDistance.Client.csproj", "{FCCF3B99-5942-48A3-BB08-14A78F9963C6}"
	ProjectSection(ProjectDependencies) = postProject
		{E5C29957-7EB6-4091-B277-EA50FB67D5B4} = {E5C29957-7EB6-4091-B277-EA50FB67D5B4}
	EndProjectSection
EndProject
Project("{FAE04EC0-301F-11D3-BF4B-00C04F79EFBC}") = "CalcDistanceREST", "CalcDistanceREST\CalcDistanceREST.csproj", "{99D18F5E-EDA0-4284-8A1B-A66BD8C8E537}"
EndProject
Project("{FAE04EC0-301F-11D3-BF4B-00C04F79EFBC}") = "CalcDistanceREST.Client", "CalcDistanceREST.Client\CalcDistanceREST.Client.csproj", "{CDE9AF9D-7CD5-4AEC-84AB-713209E5770B}"
EndProject
Global
	GlobalSection(SolutionConfigurationPlatforms) = preSolution
		Debug|Any CPU = Debug|Any CPU
		Release|Any CPU = Release|Any CPU
	EndGlobalSection
	GlobalSection(ProjectConfigurationPlatforms) = postSolution
		{E5C29957-7EB6-4091-B277-EA50FB67D5B4}.Debug|Any CPU.ActiveCfg = Debug|Any CPU
		{E5C29957-7EB6-4091-B277-EA50FB67D5B4}.Debug|Any CPU.Build.0 = Debug|Any CPU
		{E5C29957-7EB6-4091-B277-EA50FB67D5B4}.Release|Any CPU.ActiveCfg = Release|Any CPU
		{E5C29957-7EB6-4091-B277-EA50FB67D5B4}.Release|Any CPU.Build.0 = Release|Any CPU
		{FCCF3B99-5942-48A3-BB08-14A78F9963C6}.Debug|Any CPU.ActiveCfg = Debug|Any CPU
		{FCCF3B99-5942-48A3-BB08-14A78F9963C6}.Debug|Any CPU.Build.0 = Debug|Any CPU
		{FCCF3B99-5942-48A3-BB08-14A78F9963C6}.Release|Any CPU.ActiveCfg = Release|Any CPU
		{FCCF3B99-5942-48A3-BB08-14A78F9963C6}.Release|Any CPU.Build.0 = Release|Any CPU
		{99D18F5E-EDA0-4284-8A1B-A66BD8C8E537}.Debug|Any CPU.ActiveCfg = Debug|Any CPU
		{99D18F5E-EDA0-4284-8A1B-A66BD8C8E537}.Debug|Any CPU.Build.0 = Debug|Any CPU
		{99D18F5E-EDA0-4284-8A1B-A66BD8C8E537}.Release|Any CPU.ActiveCfg = Release|Any CPU
		{99D18F5E-EDA0-4284-8A1B-A66BD8C8E537}.Release|Any CPU.Build.0 = Release|Any CPU
		{CDE9AF9D-7CD5-4AEC-84AB-713209E5770B}.Debug|Any CPU.ActiveCfg = Debug|Any CPU
		{CDE9AF9D-7CD5-4AEC-84AB-713209E5770B}.Debug|Any CPU.Build.0 = Debug|Any CPU
		{CDE9AF9D-7CD5-4AEC-84AB-713209E5770B}.Release|Any CPU.ActiveCfg = Release|Any CPU
		{CDE9AF9D-7CD5-4AEC-84AB-713209E5770B}.Release|Any CPU.Build.0 = Release|Any CPU
	EndGlobalSection
	GlobalSection(SolutionProperties) = preSolution
		HideSolutionNode = FALSE
	EndGlobalSection
EndGlobal
