
Microsoft Visual Studio Solution File, Format Version 12.00
# Visual Studio 2013
VisualStudioVersion = 12.0.31101.0
MinimumVisualStudioVersion = 10.0.40219.1
Project("{FAE04EC0-301F-11D3-BF4B-00C04F79EFBC}") = "01-Point3D", "01-Point3D.csproj", "{C99E4401-DCC5-48F5-99D3-AA6BCF091E76}"
EndProject
Project("{FAE04EC0-301F-11D3-BF4B-00C04F79EFBC}") = "02-DistanceCalculator", "..\02-DistanceCalculator\02-DistanceCalculator.csproj", "{07895E02-F267-4BD9-A1DF-0CFCB39AEFED}"
EndProject
Project("{FAE04EC0-301F-11D3-BF4B-00C04F79EFBC}") = "03-Paths", "..\03-Paths\03-Paths.csproj", "{F8CD61B9-3E28-4903-BB33-2B79F4243168}"
EndProject
Project("{FAE04EC0-301F-11D3-BF4B-00C04F79EFBC}") = "04-Namespaces", "..\04-Namespaces\04-Namespaces.csproj", "{D4026136-0FEF-4059-8431-68276087ED59}"
EndProject
Global
	GlobalSection(SolutionConfigurationPlatforms) = preSolution
		Debug|Any CPU = Debug|Any CPU
		Release|Any CPU = Release|Any CPU
	EndGlobalSection
	GlobalSection(ProjectConfigurationPlatforms) = postSolution
		{C99E4401-DCC5-48F5-99D3-AA6BCF091E76}.Debug|Any CPU.ActiveCfg = Debug|Any CPU
		{C99E4401-DCC5-48F5-99D3-AA6BCF091E76}.Debug|Any CPU.Build.0 = Debug|Any CPU
		{C99E4401-DCC5-48F5-99D3-AA6BCF091E76}.Release|Any CPU.ActiveCfg = Release|Any CPU
		{C99E4401-DCC5-48F5-99D3-AA6BCF091E76}.Release|Any CPU.Build.0 = Release|Any CPU
		{07895E02-F267-4BD9-A1DF-0CFCB39AEFED}.Debug|Any CPU.ActiveCfg = Debug|Any CPU
		{07895E02-F267-4BD9-A1DF-0CFCB39AEFED}.Debug|Any CPU.Build.0 = Debug|Any CPU
		{07895E02-F267-4BD9-A1DF-0CFCB39AEFED}.Release|Any CPU.ActiveCfg = Release|Any CPU
		{07895E02-F267-4BD9-A1DF-0CFCB39AEFED}.Release|Any CPU.Build.0 = Release|Any CPU
		{F8CD61B9-3E28-4903-BB33-2B79F4243168}.Debug|Any CPU.ActiveCfg = Debug|Any CPU
		{F8CD61B9-3E28-4903-BB33-2B79F4243168}.Debug|Any CPU.Build.0 = Debug|Any CPU
		{F8CD61B9-3E28-4903-BB33-2B79F4243168}.Release|Any CPU.ActiveCfg = Release|Any CPU
		{F8CD61B9-3E28-4903-BB33-2B79F4243168}.Release|Any CPU.Build.0 = Release|Any CPU
		{D4026136-0FEF-4059-8431-68276087ED59}.Debug|Any CPU.ActiveCfg = Debug|Any CPU
		{D4026136-0FEF-4059-8431-68276087ED59}.Debug|Any CPU.Build.0 = Debug|Any CPU
		{D4026136-0FEF-4059-8431-68276087ED59}.Release|Any CPU.ActiveCfg = Release|Any CPU
		{D4026136-0FEF-4059-8431-68276087ED59}.Release|Any CPU.Build.0 = Release|Any CPU
	EndGlobalSection
	GlobalSection(SolutionProperties) = preSolution
		HideSolutionNode = FALSE
	EndGlobalSection
EndGlobal
