
Microsoft Visual Studio Solution File, Format Version 12.00
# Visual Studio 2015
Project("{FAE04EC0-301F-11D3-BF4B-00C04F79EFBC}") = "2D_Graphics_And_Physics(Flappy Bird).CSharp", "2D_Graphics_And_Physics(Flappy Bird).CSharp.csproj", "{AC5F59F6-30D6-2AB5-D703-94D8A747E84A}"
EndProject
Global
	GlobalSection(SolutionConfigurationPlatforms) = preSolution
		Debug|Any CPU = Debug|Any CPU
		Release|Any CPU = Release|Any CPU
	EndGlobalSection
	GlobalSection(ProjectConfigurationPlatforms) = postSolution
		{AC5F59F6-30D6-2AB5-D703-94D8A747E84A}.Debug|Any CPU.ActiveCfg = Debug|Any CPU
		{AC5F59F6-30D6-2AB5-D703-94D8A747E84A}.Debug|Any CPU.Build.0 = Debug|Any CPU
		{AC5F59F6-30D6-2AB5-D703-94D8A747E84A}.Release|Any CPU.ActiveCfg = Release|Any CPU
		{AC5F59F6-30D6-2AB5-D703-94D8A747E84A}.Release|Any CPU.Build.0 = Release|Any CPU
	EndGlobalSection
	GlobalSection(SolutionProperties) = preSolution
		HideSolutionNode = FALSE
	EndGlobalSection
EndGlobal
